PATH
  remote: ../sitegen
  specs:
    sitegen (0.1.0)
      haml (~> 5.0)
      tilt (~> 2.0)

GEM
  remote: https://rubygems.org/
  specs:
    aws-eventstream (1.0.1)
    aws-partitions (1.106.0)
    aws-sdk-core (3.35.0)
      aws-eventstream (~> 1.0)
      aws-partitions (~> 1.0)
      aws-sigv4 (~> 1.0)
      jmespath (~> 1.0)
    aws-sdk-kms (1.11.0)
      aws-sdk-core (~> 3, >= 3.26.0)
      aws-sigv4 (~> 1.0)
    aws-sdk-s3 (1.23.0)
      aws-sdk-core (~> 3, >= 3.26.0)
      aws-sdk-kms (~> 1)
      aws-sigv4 (~> 1.0)
    aws-sigv4 (1.0.3)
    haml (5.0.4)
      temple (>= 0.8.0)
      tilt
    jmespath (1.4.0)
    mini_mime (1.0.0)
    s3-website-deploy (0.1.0)
      aws-sdk-s3 (< 2)
      mini_mime
    temple (0.8.0)
    tilt (2.0.8)

PLATFORMS
  ruby

DEPENDENCIES
  s3-website-deploy
  sitegen!

BUNDLED WITH
   1.16.6
